[[skill]]
name = "arxiv-search"
source = "https://github.com/yorkeccak/scientific-skills.git"
kind = "git"
path = "arxiv-search"
commit = "20b3d503700656f847e6de873753335bf90e63e3"
checksum = "sha256:7e5665b1d72138d28e50b371b63ee05b546bef14c16a949b1b1fc1d82bccd326"

[[skill]]
name = "beginner-training"
source = ""
kind = "local"
checksum = "sha256:811b681ce4851843b8cf3875823ea1d6fefad0786b6232cf9bbb55d1ae51ebd8"

[[skill]]
name = "brainstorming"
source = "https://github.com/obra/superpowers.git"
kind = "git"
path = "skills/brainstorming"
commit = "f2cbfbefebbfef77321e4c9abc9e949826bea9d7"
checksum = "sha256:1518efecf35139a9a5b9e60906b71de874af08322200fab18a54848cea8c15fe"

[[skill]]
name = "build-apptainer-image"
source = ""
kind = "local"
checksum = "sha256:4488976e66f34a8e45e1d17ab3d3802abd3006b641fbf86db3a8380d5f46fc10"

[[skill]]
name = "challenge"
source = ""
kind = "local"
checksum = "sha256:f11b2579ba73d96f25a68e02f833f7129a0ac04b65ba711419fa8abe956dde02"

[[skill]]
name = "challenge-report"
source = ""
kind = "local"
checksum = "sha256:cef4d759f2c8eaf294430f594f5c1620e9ef82b1c669f16f7255e4e70c7441b2"

[[skill]]
name = "cluster-jobs"
source = ""
kind = "local"
checksum = "sha256:0b487ec22a28b014a354242db60923fc567d57ecae1466b37cf5bd54f3ec82c7"

[[skill]]
name = "context7-cli"
source = "https://github.com/upstash/context7.git"
kind = "git"
path = "skills/context7-cli"
commit = "98baa58d3625e2529e000f1c9f658fff25081bbb"
checksum = "sha256:775d76839d2304da676d7e2a2c46997b803482c49de322c8b999d512721183e7"

[[skill]]
name = "cross-method-check"
source = ""
kind = "local"
checksum = "sha256:7af04cae320e967a84eb5eb7ed3d69790027c736db7d856713c959041d82e617"

[[skill]]
name = "dispatching-parallel-agents"
source = "https://github.com/obra/superpowers.git"
kind = "git"
path = "skills/dispatching-parallel-agents"
commit = "f2cbfbefebbfef77321e4c9abc9e949826bea9d7"
checksum = "sha256:e21044ae7496fc285f1df9ff3fb518a3a20bea6f5216c1f59f4987e12c769a0a"

[[skill]]
name = "download-ref"
source = ""
kind = "local"
checksum = "sha256:d6be3a2980d736fed9ca1a90553e5b2205f7913579d0ed7b1d90c412b3a533ad"

[[skill]]
name = "executing-plans"
source = "https://github.com/obra/superpowers.git"
kind = "git"
path = "skills/executing-plans"
commit = "f2cbfbefebbfef77321e4c9abc9e949826bea9d7"
checksum = "sha256:b41c919caf1bb07fbacb0e29899ac513f9eb11cd4dd695975ad352c2c03cc4d7"

[[skill]]
name = "find-docs"
source = ""
kind = "local"
checksum = "sha256:920830e304e3d498f66fae0efc85aac003dc474d3a80b689fcb07cb08c4c8393"

[[skill]]
name = "finishing-a-development-branch"
source = "https://github.com/obra/superpowers.git"
kind = "git"
path = "skills/finishing-a-development-branch"
commit = "f2cbfbefebbfef77321e4c9abc9e949826bea9d7"
checksum = "sha256:932d23af11a3eb2b758f5b1d9aec7b6d28ddd26658328414f87f34dff7179d19"

[[skill]]
name = "idea-writer"
source = "https://github.com/QuantumBFS/sci-brain.git"
kind = "git"
path = "skills/idea-writer"
commit = "3b5ad792bf60ef9c323cbac487748488da58d93e"
checksum = "sha256:2d368342a751ffe127409db098fd9fe7f7d5866b42771b527e5382cbb04ad8f6"

[[skill]]
name = "ideas"
source = "https://github.com/QuantumBFS/sci-brain.git"
kind = "git"
path = "skills/ideas"
commit = "3b5ad792bf60ef9c323cbac487748488da58d93e"
checksum = "sha256:c44e782cd1d086cb9e73017229fb581d811776150046a672e15ae21819d15573"

[[skill]]
name = "ion-cli"
source = ""
kind = "local"
checksum = "sha256:4207f3d4f43e93120acd5fdc26c60badab389e59d1a2caab74724ab0776a49ff"

[[skill]]
name = "method-dfpt"
source = ""
kind = "local"
checksum = "sha256:39dd8ce99137e90d385214e8d9d75bcee5268a76158c8515059a8bc3fb548165"

[[skill]]
name = "method-ed"
source = ""
kind = "local"
checksum = "sha256:dbe4c49558233ada5189da37f53b984a9e56d77258ad371b04dde65ef87a261d"

[[skill]]
name = "method-ltrg"
source = ""
kind = "local"
checksum = "sha256:e4a0de17807754fb7e6f035fcb49999fdb6bfa1a08d224709254ea07c898824f"

[[skill]]
name = "method-mcrg"
source = ""
kind = "local"
checksum = "sha256:22f0db8dc7bcab6fee01eb29bc7da4ee90baff0f3d2edfd17ac99a3217790efe"

[[skill]]
name = "method-mf"
source = ""
kind = "local"
checksum = "sha256:5a8fa756299f4484d645a7cd6aa9ab62c09bac8b11f842132598f20b710cd66d"

[[skill]]
name = "method-mps"
source = ""
kind = "local"
checksum = "sha256:4474a27848c4fac4e3b0a56c1443566be221cfb1abf016ceccaa39eb89e22546"

[[skill]]
name = "method-peps"
source = ""
kind = "local"
checksum = "sha256:1e62e1fc0cd383ff5526b266b59f837a00dca2d0a4c4a686ee6692e631f393a4"

[[skill]]
name = "method-polyopt"
source = ""
kind = "local"
checksum = "sha256:49d391e03ea6a7754d0f11da643a771daeed6f45f79e13270a5a33bb59a1b81b"

[[skill]]
name = "method-qcs"
source = ""
kind = "local"
checksum = "sha256:4eedae5687e25ce59540a9c998b351af90f93a4be084ae1af29766b0becab2b6"

[[skill]]
name = "method-qmc"
source = ""
kind = "local"
checksum = "sha256:30fda9506a9d5a9731e1cea8890977bf08e23bbbbc3c2ab999d3367446f80be0"

[[skill]]
name = "method-vmc"
source = ""
kind = "local"
checksum = "sha256:4933f51cd996c5190babcaf5b85a8ea9ec0d8b5aca6d8888713f4bc4f2694263"

[[skill]]
name = "model"
source = ""
kind = "local"
checksum = "sha256:2d27f7c2c9c6152608757e543375f647256f21df31f819a79131a7e21eb8bb38"

[[skill]]
name = "onboard"
source = ""
kind = "local"
checksum = "sha256:26d00b7091b752dd1c89573125ec312aedba088b87c796d9e9a1a5fc96e9663f"

[[skill]]
name = "parameter-scan"
source = ""
kind = "local"
checksum = "sha256:02926e0d625325ed1c2d8f52cbcbdd18bf7f9b0a1badedab3437c0dad7c7cb26"

[[skill]]
name = "physics"
source = ""
kind = "local"
checksum = "sha256:9016977c9839a1a954858cb9cce253ca82c20a79f4c87892e0cd22b5494b5140"

[[skill]]
name = "receiving-code-review"
source = "https://github.com/obra/superpowers.git"
kind = "git"
path = "skills/receiving-code-review"
commit = "f2cbfbefebbfef77321e4c9abc9e949826bea9d7"
checksum = "sha256:2760c85d4f4117b0006e7ba755f4bbd61f8f4c185f347999763c97f507274e30"

[[skill]]
name = "report"
source = ""
kind = "local"
checksum = "sha256:d3642e0acc77a57896014cfff02085381091b4b1f1b802c7dced6c82ce3de3ca"

[[skill]]
name = "reproduce-paper"
source = ""
kind = "local"
checksum = "sha256:517f561fa60e0bbb9ec659c6c1bc821365624ded318e1348d25d722af1976eca"

[[skill]]
name = "requesting-code-review"
source = "https://github.com/obra/superpowers.git"
kind = "git"
path = "skills/requesting-code-review"
commit = "f2cbfbefebbfef77321e4c9abc9e949826bea9d7"
checksum = "sha256:5a53d1f7f4cee4dee017a50d735335c7aae1874b2746207e076b5d9035315599"

[[skill]]
name = "scaling-fit"
source = ""
kind = "local"
checksum = "sha256:7e80fe530c94add34811feb793e683f618178cdcbb3e2af3ae41345471ed5d48"

[[skill]]
name = "scientific-visualization"
source = "https://github.com/HughYau/AcademicForge.git"
kind = "git"
path = "scientific-visualization"
commit = "6cbb818a4a822a5e1e856b18919da7484ff58dd4"
checksum = "sha256:dfe730f72015268b902a22d2e5f389cfaf5478463749e26fb865f4dff390bc74"

[[skill]]
name = "setup-cluster"
source = ""
kind = "local"
checksum = "sha256:1f7ab61bef998440c3fcc7083c23aeef1c4eb6e0869eb6d013e7c1b63222a2c1"

[[skill]]
name = "setup-julia"
source = ""
kind = "local"
checksum = "sha256:a4a5429d11fc4536ffe1715c1be027758e06d5c94320753f9fa2c279a6870041"

[[skill]]
name = "solve"
source = ""
kind = "local"
checksum = "sha256:9bf5c3f4efc13da544ee233c0108594bba114123e2774489fc9ef3f93006cdbb"

[[skill]]
name = "subagent-driven-development"
source = "https://github.com/obra/superpowers.git"
kind = "git"
path = "skills/subagent-driven-development"
commit = "f2cbfbefebbfef77321e4c9abc9e949826bea9d7"
checksum = "sha256:22847d331db0aaedde0738d794896658020d25b703136d64f6690ee944688b7c"

[[skill]]
name = "survey"
source = "https://github.com/QuantumBFS/sci-brain.git"
kind = "git"
path = "skills/survey"
commit = "3b5ad792bf60ef9c323cbac487748488da58d93e"
checksum = "sha256:517a4a3f533508bf154464e1e41139359ec20003a7989b5bc16c68dfa76292fd"

[[skill]]
name = "systematic-debugging"
source = "https://github.com/obra/superpowers.git"
kind = "git"
path = "skills/systematic-debugging"
commit = "f2cbfbefebbfef77321e4c9abc9e949826bea9d7"
checksum = "sha256:ebdc9e15e5745a87d6342b6ebbc90d1ac2766b95f2334a9450fc696842815e4d"

[[skill]]
name = "test-driven-development"
source = "https://github.com/obra/superpowers.git"
kind = "git"
path = "skills/test-driven-development"
commit = "f2cbfbefebbfef77321e4c9abc9e949826bea9d7"
checksum = "sha256:126f1ebf6ccd414f42544f6e83d8cc5adb089e1108eaffb7c400701e37eecd9f"

[[skill]]
name = "using-cpmc-lab"
source = ""
kind = "local"
checksum = "sha256:2c58bca32ae523d2c8ce3e96d6d44799d69f836ebb0e6f439c608e491fcf0ab3"

[[skill]]
name = "using-git-worktrees"
source = "https://github.com/obra/superpowers.git"
kind = "git"
path = "skills/using-git-worktrees"
commit = "f2cbfbefebbfef77321e4c9abc9e949826bea9d7"
checksum = "sha256:bd10bc57c23040630b17c877a9bc7b4be40c35161a2e2f110d770d78e3b0a4ff"

[[skill]]
name = "using-itensors"
source = ""
kind = "local"
checksum = "sha256:d0b32523abe7ffe84579fcab7794899d3042a0dea2abc98d48a336daf06790e4"

[[skill]]
name = "using-jax"
source = ""
kind = "local"
checksum = "sha256:1312c043dbe2042841cc421ae713c13aaa5148d7150913032a326153f8dc222f"

[[skill]]
name = "using-mpskit"
source = ""
kind = "local"
checksum = "sha256:36722a5c7b41a08f9e554933fad56f41ba60abd6022c7b68e4482f81f233fbfe"

[[skill]]
name = "using-nctssos"
source = ""
kind = "local"
checksum = "sha256:3633b934d3118aa9027766a50945d07c935d7ceaa1990620291446a1627bf432"

[[skill]]
name = "using-netket"
source = ""
kind = "local"
checksum = "sha256:6f53db4fe417b54bbd2bbb4312ddb6589cd4bf8485411b6b7dd254662359181c"

[[skill]]
name = "using-pepskit"
source = ""
kind = "local"
checksum = "sha256:75a861ac3d1dfa866f38981c4bc20c07323f276a5a21a7177ea24841d7fa820d"

[[skill]]
name = "using-qmbcertify"
source = ""
kind = "local"
checksum = "sha256:530bd53898ace03172e4738a07e986bf4a2622f108122f26afc535945ff39f22"

[[skill]]
name = "using-qmcpack"
source = ""
kind = "local"
checksum = "sha256:84d9d1ab612b087ead47050be7d3c50b903e205ad42c18dff6485afb0093e25f"

[[skill]]
name = "using-quantum-espresso"
source = ""
kind = "local"
checksum = "sha256:43e136261b0cfd281ff7691bb482405f111fe7ec884ef4cc3179c7208a24f79b"

[[skill]]
name = "using-quspin"
source = ""
kind = "local"
checksum = "sha256:08f7edc6785d9cd7513fef6b92fff6b79531ec760f4850e4710e8bf1a9a3924b"

[[skill]]
name = "using-slurm"
source = ""
kind = "local"
checksum = "sha256:6b02ad46daa12f1b0e927847923bb53852f6c612d86fd9a5f9d5385177ac17ef"

[[skill]]
name = "using-sse"
source = ""
kind = "local"
checksum = "sha256:e883cae031ce48ceeabf6c461bf10bd7208864c47fa3ef17b12808deffcb8564"

[[skill]]
name = "using-superpowers"
source = "https://github.com/obra/superpowers.git"
kind = "git"
path = "skills/using-superpowers"
commit = "f2cbfbefebbfef77321e4c9abc9e949826bea9d7"
checksum = "sha256:114207d2bda1336e283288aed358f51e1a78bbcd42e7d4e3e16a89095a89b006"

[[skill]]
name = "using-tenpy"
source = ""
kind = "local"
checksum = "sha256:4d0a11229753e41d4222c2a03023ba9830a85ffb4bcd9391a25f5495b8c1b1f9"

[[skill]]
name = "using-tensorcircuit-ng"
source = ""
kind = "local"
checksum = "sha256:be51c73277d7a261fbeee72e45a3d796059098220b6c4768e42390281c366baa"

[[skill]]
name = "using-xdiag"
source = ""
kind = "local"
checksum = "sha256:3307432f05e84d371e94331192766026d364aff438494bd927b91d26a465ed78"

[[skill]]
name = "verification-before-completion"
source = "https://github.com/obra/superpowers.git"
kind = "git"
path = "skills/verification-before-completion"
commit = "f2cbfbefebbfef77321e4c9abc9e949826bea9d7"
checksum = "sha256:9b446f0c7fe1cfb560b1d34439523b1a76d5f177290007b2c053a1c749a4a8ba"

[[skill]]
name = "writing-plans"
source = "https://github.com/obra/superpowers.git"
kind = "git"
path = "skills/writing-plans"
commit = "f2cbfbefebbfef77321e4c9abc9e949826bea9d7"
checksum = "sha256:6525448d840035c66700b81fbbfeb77431df04316615869569393f62af6a5616"

[[skill]]
name = "writing-skills"
source = "https://github.com/obra/superpowers.git"
kind = "git"
path = "skills/writing-skills"
commit = "f2cbfbefebbfef77321e4c9abc9e949826bea9d7"
checksum = "sha256:272ccd701f41b94e1119aaa99455a52cdb8e07283cb6a6aab32a7722d96bef45"
