[[skill]]
name = "arxiv-search"
source = "https://github.com/yorkeccak/scientific-skills.git"
kind = "git"
path = "arxiv-search"
commit = "20b3d503700656f847e6de873753335bf90e63e3"
checksum = "sha256:7e5665b1d72138d28e50b371b63ee05b546bef14c16a949b1b1fc1d82bccd326"

[[skill]]
name = "brainstorming"
source = "https://github.com/obra/superpowers.git"
kind = "git"
path = "skills/brainstorming"
commit = "6fd4507659784c351abbd2bc264c7162cfd386dc"
checksum = "sha256:1518efecf35139a9a5b9e60906b71de874af08322200fab18a54848cea8c15fe"

[[skill]]
name = "cross-method-check"
source = ""
kind = "local"
checksum = "sha256:7af04cae320e967a84eb5eb7ed3d69790027c736db7d856713c959041d82e617"

[[skill]]
name = "dispatching-parallel-agents"
source = "https://github.com/obra/superpowers.git"
kind = "git"
path = "skills/dispatching-parallel-agents"
commit = "6fd4507659784c351abbd2bc264c7162cfd386dc"
checksum = "sha256:e21044ae7496fc285f1df9ff3fb518a3a20bea6f5216c1f59f4987e12c769a0a"

[[skill]]
name = "download-ref"
source = ""
kind = "local"
checksum = "sha256:c735cdde5775cf475afb2742023faab0b4723260758c31be652e2a5db0aa3edf"

[[skill]]
name = "executing-plans"
source = "https://github.com/obra/superpowers.git"
kind = "git"
path = "skills/executing-plans"
commit = "6fd4507659784c351abbd2bc264c7162cfd386dc"
checksum = "sha256:b41c919caf1bb07fbacb0e29899ac513f9eb11cd4dd695975ad352c2c03cc4d7"

[[skill]]
name = "finishing-a-development-branch"
source = "https://github.com/obra/superpowers.git"
kind = "git"
path = "skills/finishing-a-development-branch"
commit = "6fd4507659784c351abbd2bc264c7162cfd386dc"
checksum = "sha256:932d23af11a3eb2b758f5b1d9aec7b6d28ddd26658328414f87f34dff7179d19"

[[skill]]
name = "ion-cli"
source = ""
kind = "local"
checksum = "sha256:bd5d3a00554413b17ddca6c53aa2f639a7a0c5bdfd8d300126ea6a471d5d669c"

[[skill]]
name = "method-ed"
source = ""
kind = "local"
checksum = "sha256:1f5409636058bec3727febbf189e38a0343f3251265d8badf8d836dc2f849c98"

[[skill]]
name = "method-ltrg"
source = ""
kind = "local"
checksum = "sha256:b32735a3c3f7588c6624f1f0bd99ef4cb815be7af7e358af0e860fbdf4b20dcc"

[[skill]]
name = "method-mcrg"
source = ""
kind = "local"
checksum = "sha256:1c8d9352b9cb156d35ee274e2880d01d2f87bfd44c6205a7e6c43be674ecaabf"

[[skill]]
name = "method-mf"
source = ""
kind = "local"
checksum = "sha256:aac81dcba7de11e6b4981e02e91f41ff70a12a356490d54e2e946d1df6e1d4f1"

[[skill]]
name = "method-mps"
source = ""
kind = "local"
checksum = "sha256:d3f6a6fd915afc34155428ddbddcce2302659df15ae5bbfbae85e3dcafd16096"

[[skill]]
name = "method-peps"
source = ""
kind = "local"
checksum = "sha256:4e0f92069f2365e2bebd46b45c0ede6682f41ffc0e9f0f892531bbb81176d4fd"

[[skill]]
name = "method-polyopt"
source = ""
kind = "local"
checksum = "sha256:48ef87c8be6ae34d30d3ad1451760858b0b3879865aa630a396de51f8e2e7eae"

[[skill]]
name = "method-qcs"
source = ""
kind = "local"
checksum = "sha256:a10e02a4968af992b928ddeb55538b9125261ec360762f68b4c6afbf78292794"

[[skill]]
name = "method-qmc"
source = ""
kind = "local"
checksum = "sha256:972bc1cc063c706dc125cac67e7a54ffd054de4dd2fb4d2b547f5ad057ab70b8"

[[skill]]
name = "method-vmc"
source = ""
kind = "local"
checksum = "sha256:ac09297c2a78a6b851e36d23e51b5a5336dec3ead342a6b90df8e15644194afa"

[[skill]]
name = "model"
source = ""
kind = "local"
checksum = "sha256:2d27f7c2c9c6152608757e543375f647256f21df31f819a79131a7e21eb8bb38"

[[skill]]
name = "onboard"
source = ""
kind = "local"
checksum = "sha256:cb4085dc488edad517417e098cf60c8f7b82d6a01b0f0f857c445567325c9b48"

[[skill]]
name = "parameter-scan"
source = ""
kind = "local"
checksum = "sha256:4ad861e6d0743c4d979a3c4e11b82b9064203f23e42667ec7cb339632e9fdf39"

[[skill]]
name = "physics"
source = ""
kind = "local"
checksum = "sha256:9016977c9839a1a954858cb9cce253ca82c20a79f4c87892e0cd22b5494b5140"

[[skill]]
name = "polyopt-guide"
source = "https://github.com/exAClior/easy-nctssos.git"
kind = "git"
path = "skills/polyopt-guide"
commit = "7c5fa56fef19a91352b695b1f4002a38717decd6"
checksum = "sha256:b3808a113df8dd606691e5ee303b89ed04523c93e3cba1d9550ea26fc37ea728"

[[skill]]
name = "receiving-code-review"
source = "https://github.com/obra/superpowers.git"
kind = "git"
path = "skills/receiving-code-review"
commit = "6fd4507659784c351abbd2bc264c7162cfd386dc"
checksum = "sha256:2760c85d4f4117b0006e7ba755f4bbd61f8f4c185f347999763c97f507274e30"

[[skill]]
name = "report"
source = ""
kind = "local"
checksum = "sha256:f10ead9855d8bd1d77ff971aa56e3afc1a214130c60f8b4f977a0c08c7d7ed3d"

[[skill]]
name = "reproduce-paper"
source = ""
kind = "local"
checksum = "sha256:370a8380d57a6d83ff36670138e73d312470279859667ee8c51141e2aa67fcca"

[[skill]]
name = "requesting-code-review"
source = "https://github.com/obra/superpowers.git"
kind = "git"
path = "skills/requesting-code-review"
commit = "6fd4507659784c351abbd2bc264c7162cfd386dc"
checksum = "sha256:5a53d1f7f4cee4dee017a50d735335c7aae1874b2746207e076b5d9035315599"

[[skill]]
name = "scaling-fit"
source = ""
kind = "local"
checksum = "sha256:1f9aa0c152bf414495d5b02faeccdd7aa750b264117a2ae89d679ce9918cfa3c"

[[skill]]
name = "scientific-visualization"
source = "https://github.com/HughYau/AcademicForge.git"
kind = "git"
path = "scientific-visualization"
commit = "d93f19ee60fca707fd33969c55c82754699b8e07"
checksum = "sha256:dfe730f72015268b902a22d2e5f389cfaf5478463749e26fb865f4dff390bc74"

[[skill]]
name = "setup-julia"
source = ""
kind = "local"
checksum = "sha256:9157806cc20abc469dd98acbb5576d1e878413a33e35943ea25b5f2965a7ddae"

[[skill]]
name = "solve"
source = ""
kind = "local"
checksum = "sha256:9bf5c3f4efc13da544ee233c0108594bba114123e2774489fc9ef3f93006cdbb"

[[skill]]
name = "subagent-driven-development"
source = "https://github.com/obra/superpowers.git"
kind = "git"
path = "skills/subagent-driven-development"
commit = "6fd4507659784c351abbd2bc264c7162cfd386dc"
checksum = "sha256:22847d331db0aaedde0738d794896658020d25b703136d64f6690ee944688b7c"

[[skill]]
name = "survey"
source = "https://github.com/QuantumBFS/sci-brain.git"
kind = "git"
path = "skills/survey"
commit = "3b5ad792bf60ef9c323cbac487748488da58d93e"
checksum = "sha256:517a4a3f533508bf154464e1e41139359ec20003a7989b5bc16c68dfa76292fd"

[[skill]]
name = "systematic-debugging"
source = "https://github.com/obra/superpowers.git"
kind = "git"
path = "skills/systematic-debugging"
commit = "6fd4507659784c351abbd2bc264c7162cfd386dc"
checksum = "sha256:ebdc9e15e5745a87d6342b6ebbc90d1ac2766b95f2334a9450fc696842815e4d"

[[skill]]
name = "test-driven-development"
source = "https://github.com/obra/superpowers.git"
kind = "git"
path = "skills/test-driven-development"
commit = "6fd4507659784c351abbd2bc264c7162cfd386dc"
checksum = "sha256:126f1ebf6ccd414f42544f6e83d8cc5adb089e1108eaffb7c400701e37eecd9f"

[[skill]]
name = "track-starter"
source = ""
kind = "local"
checksum = "sha256:2498080b89eff8184a943f649c744405930c6da771264a93808d7ade1fcdfae4"

[[skill]]
name = "using-cpmc-lab"
source = ""
kind = "local"
checksum = "sha256:4e17810c84508b6bc40a8978ce2bf089af94c1ffac5ddd42fb9c6f2f4e4f9eb7"

[[skill]]
name = "using-git-worktrees"
source = "https://github.com/obra/superpowers.git"
kind = "git"
path = "skills/using-git-worktrees"
commit = "6fd4507659784c351abbd2bc264c7162cfd386dc"
checksum = "sha256:bd10bc57c23040630b17c877a9bc7b4be40c35161a2e2f110d770d78e3b0a4ff"

[[skill]]
name = "using-itensors"
source = ""
kind = "local"
checksum = "sha256:74d6ddec8231d3d973141533a34ea67115d857b63b8e94b51c21d5b9ad7f60e4"

[[skill]]
name = "using-jax"
source = ""
kind = "local"
checksum = "sha256:1312c043dbe2042841cc421ae713c13aaa5148d7150913032a326153f8dc222f"

[[skill]]
name = "using-nctssos"
source = ""
kind = "local"
checksum = "sha256:1a4eeaf52f09f944f3d85a4d429dc66319fd69e79af162eba97907ad3fc93efd"

[[skill]]
name = "using-netket"
source = ""
kind = "local"
checksum = "sha256:40c9850d10b203dee9ddba85ee39b5dcbf2dd69167cc459f4b1abe0f891caa5b"

[[skill]]
name = "using-pepskit"
source = ""
kind = "local"
checksum = "sha256:d3f7cb7bbfbfec1eb12cf7ce9fc7b62891efbc0e3dacda985c65dde1b131098a"

[[skill]]
name = "using-quspin"
source = ""
kind = "local"
checksum = "sha256:c835b127580a99c5fa2c0ed54f513c7f15f10eeda0d5e757e9dd9503616d7b4a"

[[skill]]
name = "using-slurm"
source = ""
kind = "local"
checksum = "sha256:5da6f64c5b150324e3625209cd95f51f4ba78fb7bd2a305ae6386e46bf8e1e94"

[[skill]]
name = "using-sse"
source = ""
kind = "local"
checksum = "sha256:6c053baa87a9c14e83d666c8e00825e8224f5108a4ee646d8b7b94269e346cde"

[[skill]]
name = "using-superpowers"
source = "https://github.com/obra/superpowers.git"
kind = "git"
path = "skills/using-superpowers"
commit = "6fd4507659784c351abbd2bc264c7162cfd386dc"
checksum = "sha256:114207d2bda1336e283288aed358f51e1a78bbcd42e7d4e3e16a89095a89b006"

[[skill]]
name = "using-tensorcircuit-ng"
source = ""
kind = "local"
checksum = "sha256:1444387fd1188fa562968f9874f76c394b64b4d77d7a384258a6539ebe75e06b"

[[skill]]
name = "using-xdiag"
source = ""
kind = "local"
checksum = "sha256:f660ea33b23f25540550ebf6c8f33c79337215e7f0f2ddb89fdb2f47835772b2"

[[skill]]
name = "verification-before-completion"
source = "https://github.com/obra/superpowers.git"
kind = "git"
path = "skills/verification-before-completion"
commit = "6fd4507659784c351abbd2bc264c7162cfd386dc"
checksum = "sha256:9b446f0c7fe1cfb560b1d34439523b1a76d5f177290007b2c053a1c749a4a8ba"

[[skill]]
name = "writing-plans"
source = "https://github.com/obra/superpowers.git"
kind = "git"
path = "skills/writing-plans"
commit = "6fd4507659784c351abbd2bc264c7162cfd386dc"
checksum = "sha256:6525448d840035c66700b81fbbfeb77431df04316615869569393f62af6a5616"

[[skill]]
name = "writing-skills"
source = "https://github.com/obra/superpowers.git"
kind = "git"
path = "skills/writing-skills"
commit = "6fd4507659784c351abbd2bc264c7162cfd386dc"
checksum = "sha256:272ccd701f41b94e1119aaa99455a52cdb8e07283cb6a6aab32a7722d96bef45"
