[[skill]]
name = "arxiv-search"
source = "https://github.com/yorkeccak/scientific-skills.git"
kind = "git"
path = "arxiv-search"
commit = "20b3d503700656f847e6de873753335bf90e63e3"
checksum = "sha256:7e5665b1d72138d28e50b371b63ee05b546bef14c16a949b1b1fc1d82bccd326"

[[skill]]
name = "brainstorming"
source = "https://github.com/obra/superpowers.git"
kind = "git"
path = "skills/brainstorming"
commit = "f2cbfbefebbfef77321e4c9abc9e949826bea9d7"
checksum = "sha256:1518efecf35139a9a5b9e60906b71de874af08322200fab18a54848cea8c15fe"

[[skill]]
name = "cross-method-check"
source = ""
kind = "local"
checksum = "sha256:8e2d7f19e85b73327abb41fefa6a9c88d7b8170b9d3b62a8baf2eff0bafe49fe"

[[skill]]
name = "dispatching-parallel-agents"
source = "https://github.com/obra/superpowers.git"
kind = "git"
path = "skills/dispatching-parallel-agents"
commit = "f2cbfbefebbfef77321e4c9abc9e949826bea9d7"
checksum = "sha256:e21044ae7496fc285f1df9ff3fb518a3a20bea6f5216c1f59f4987e12c769a0a"

[[skill]]
name = "download-ref"
source = ""
kind = "local"
checksum = "sha256:72434d71346d742df8677389cb0a01a3e0463147fa8d0bf29c0b8a504672f2cc"

[[skill]]
name = "executing-plans"
source = "https://github.com/obra/superpowers.git"
kind = "git"
path = "skills/executing-plans"
commit = "f2cbfbefebbfef77321e4c9abc9e949826bea9d7"
checksum = "sha256:b41c919caf1bb07fbacb0e29899ac513f9eb11cd4dd695975ad352c2c03cc4d7"

[[skill]]
name = "finishing-a-development-branch"
source = "https://github.com/obra/superpowers.git"
kind = "git"
path = "skills/finishing-a-development-branch"
commit = "f2cbfbefebbfef77321e4c9abc9e949826bea9d7"
checksum = "sha256:932d23af11a3eb2b758f5b1d9aec7b6d28ddd26658328414f87f34dff7179d19"

[[skill]]
name = "ion-cli"
source = ""
kind = "local"
checksum = "sha256:4207f3d4f43e93120acd5fdc26c60badab389e59d1a2caab74724ab0776a49ff"

[[skill]]
name = "itensors"
source = ""
kind = "local"
checksum = "sha256:ce19cd5279bab146de6c2de3002c7080d5c1198ee3895f31c7eb2094568d951e"

[[skill]]
name = "jax"
source = ""
kind = "local"
checksum = "sha256:1afd5e0da3236ba8b6e3fd8602564362442ab84fa5a526ad6cc3d3bcdb4b0274"

[[skill]]
name = "model"
source = ""
kind = "local"
checksum = "sha256:42b6fdc4c5f1593a6d47eae9ad2edf274aac22e7b936b57e4c3f7785c58389ed"

[[skill]]
name = "netket"
source = ""
kind = "local"
checksum = "sha256:05e07576df9f64789e50143995d564f28d7ac8fce50c4f8f4f277e27b2ba7473"

[[skill]]
name = "onboard"
source = ""
kind = "local"
checksum = "sha256:892cb3e19f520dd48fdd2ae469eaa3e94e00444dab4ef970bab63c7fb4b6dfae"

[[skill]]
name = "parameter-scan"
source = ""
kind = "local"
checksum = "sha256:fbd622a06ee46ecc8d9e3c1193524d177a258a3379b24252e5ffba7105421022"

[[skill]]
name = "pepskit"
source = ""
kind = "local"
checksum = "sha256:bbe1577892695a49dbc15e4f6f4c27b87695eab5be10563389c6d9a5a7d84943"

[[skill]]
name = "physics"
source = ""
kind = "local"
checksum = "sha256:d3f42e2df34f64f2bec303e8d9ae97279f94d83da8f33d33c2295fe2b104d349"

[[skill]]
name = "quspin"
source = ""
kind = "local"
checksum = "sha256:3c6d2496ec6ffa73062b788c987c2ad02ccf1eae278c25ed4fffc75f8098392b"

[[skill]]
name = "receiving-code-review"
source = "https://github.com/obra/superpowers.git"
kind = "git"
path = "skills/receiving-code-review"
commit = "f2cbfbefebbfef77321e4c9abc9e949826bea9d7"
checksum = "sha256:2760c85d4f4117b0006e7ba755f4bbd61f8f4c185f347999763c97f507274e30"

[[skill]]
name = "report"
source = ""
kind = "local"
checksum = "sha256:9ff99d5df86af72f75a5e23c9dc0583a01d43f22467b7e75f78e146237acf57f"

[[skill]]
name = "reproduce-paper"
source = ""
kind = "local"
checksum = "sha256:e6a50194c47feeb4a1a4f2f5feafe75e31a0e091dc7b28d55cbaf1c77aa532ef"

[[skill]]
name = "requesting-code-review"
source = "https://github.com/obra/superpowers.git"
kind = "git"
path = "skills/requesting-code-review"
commit = "f2cbfbefebbfef77321e4c9abc9e949826bea9d7"
checksum = "sha256:5a53d1f7f4cee4dee017a50d735335c7aae1874b2746207e076b5d9035315599"

[[skill]]
name = "scaling-fit"
source = ""
kind = "local"
checksum = "sha256:dfd6a03b26f9e340c70be851dc4e859d03edfa54053a1f3f46ebcc94b0fed582"

[[skill]]
name = "scientific-visualization"
source = "https://github.com/HughYau/AcademicForge.git"
kind = "git"
path = "scientific-visualization"
commit = "6cbb818a4a822a5e1e856b18919da7484ff58dd4"
checksum = "sha256:dfe730f72015268b902a22d2e5f389cfaf5478463749e26fb865f4dff390bc74"

[[skill]]
name = "setup-julia"
source = ""
kind = "local"
checksum = "sha256:6e1c73901963c2aeb1673a4189805dc720f98d24d61edb66bd10b462d72746a1"

[[skill]]
name = "slurm"
source = ""
kind = "local"
checksum = "sha256:d10cec60d4b5cbf3266ad256b929ab08995a6d36e9fa83835a8acd86a45b334c"

[[skill]]
name = "solve"
source = ""
kind = "local"
checksum = "sha256:a140a3ebd8025ae634b207460843351c8cde5aee00a3abd9134e7aac4916ee1f"

[[skill]]
name = "sse"
source = ""
kind = "local"
checksum = "sha256:73ad78d2d6036171e559f602a281d3e0be536726fcd07140529fb97c2213b522"

[[skill]]
name = "subagent-driven-development"
source = "https://github.com/obra/superpowers.git"
kind = "git"
path = "skills/subagent-driven-development"
commit = "f2cbfbefebbfef77321e4c9abc9e949826bea9d7"
checksum = "sha256:22847d331db0aaedde0738d794896658020d25b703136d64f6690ee944688b7c"

[[skill]]
name = "survey"
source = "https://github.com/QuantumBFS/sci-brain.git"
kind = "git"
path = "skills/survey"
commit = "3b5ad792bf60ef9c323cbac487748488da58d93e"
checksum = "sha256:517a4a3f533508bf154464e1e41139359ec20003a7989b5bc16c68dfa76292fd"

[[skill]]
name = "systematic-debugging"
source = "https://github.com/obra/superpowers.git"
kind = "git"
path = "skills/systematic-debugging"
commit = "f2cbfbefebbfef77321e4c9abc9e949826bea9d7"
checksum = "sha256:ebdc9e15e5745a87d6342b6ebbc90d1ac2766b95f2334a9450fc696842815e4d"

[[skill]]
name = "tensorcircuit-ng"
source = ""
kind = "local"
checksum = "sha256:14b9cbec21450c15d6aeb7e45a5a34edc68a196b539c2aaaaedbef558ec9f6c7"

[[skill]]
name = "test-driven-development"
source = "https://github.com/obra/superpowers.git"
kind = "git"
path = "skills/test-driven-development"
commit = "f2cbfbefebbfef77321e4c9abc9e949826bea9d7"
checksum = "sha256:126f1ebf6ccd414f42544f6e83d8cc5adb089e1108eaffb7c400701e37eecd9f"

[[skill]]
name = "using-git-worktrees"
source = "https://github.com/obra/superpowers.git"
kind = "git"
path = "skills/using-git-worktrees"
commit = "f2cbfbefebbfef77321e4c9abc9e949826bea9d7"
checksum = "sha256:bd10bc57c23040630b17c877a9bc7b4be40c35161a2e2f110d770d78e3b0a4ff"

[[skill]]
name = "using-superpowers"
source = "https://github.com/obra/superpowers.git"
kind = "git"
path = "skills/using-superpowers"
commit = "f2cbfbefebbfef77321e4c9abc9e949826bea9d7"
checksum = "sha256:114207d2bda1336e283288aed358f51e1a78bbcd42e7d4e3e16a89095a89b006"

[[skill]]
name = "verification-before-completion"
source = "https://github.com/obra/superpowers.git"
kind = "git"
path = "skills/verification-before-completion"
commit = "f2cbfbefebbfef77321e4c9abc9e949826bea9d7"
checksum = "sha256:9b446f0c7fe1cfb560b1d34439523b1a76d5f177290007b2c053a1c749a4a8ba"

[[skill]]
name = "writing-plans"
source = "https://github.com/obra/superpowers.git"
kind = "git"
path = "skills/writing-plans"
commit = "f2cbfbefebbfef77321e4c9abc9e949826bea9d7"
checksum = "sha256:6525448d840035c66700b81fbbfeb77431df04316615869569393f62af6a5616"

[[skill]]
name = "writing-skills"
source = "https://github.com/obra/superpowers.git"
kind = "git"
path = "skills/writing-skills"
commit = "f2cbfbefebbfef77321e4c9abc9e949826bea9d7"
checksum = "sha256:272ccd701f41b94e1119aaa99455a52cdb8e07283cb6a6aab32a7722d96bef45"

[[skill]]
name = "xdiag"
source = ""
kind = "local"
checksum = "sha256:5e18250e3c7c4be42de9af3d2d098f1db178fa16f3b313e3ffe78ad572264b24"
